{
  "nodes": {
    "litrepl": {
      "inputs": {
        "nixpkgs": [
          "nixpkgs"
        ]
      },
      "locked": {
        "lastModified": 1709481180,
        "narHash": "sha256-91wWFjqzJEW7DNDHsFL8dgmxvoXuA3F6FjsJC6iM41A=",
        "owner": "grwlf",
        "repo": "litrepl.vim",
        "rev": "c2806b89c3d0058a754b70d6bb08f605a7324398",
        "type": "github"
      },
      "original": {
        "owner": "grwlf",
        "repo": "litrepl.vim",
        "type": "github"
      }
    },
    "nixpkgs": {
      "locked": {
        "lastModified": 1696704474,
        "narHash": "sha256-o5GIJR4hoRnqnbodzS/UqXtU+kDDsKKhjU5bN9+hggo=",
        "path": "/home/grwlf/proj/nixcfg/nixpkgs",
        "type": "path"
      },
      "original": {
        "path": "/home/grwlf/proj/nixcfg/nixpkgs",
        "type": "path"
      }
    },
    "root": {
      "inputs": {
        "litrepl": "litrepl",
        "nixpkgs": "nixpkgs"
      }
    }
  },
  "root": "root",
  "version": 7
}
