{
  "nodes": {
    "litrepl": {
      "inputs": {
        "nixpkgs": [
          "nixpkgs"
        ]
      },
      "locked": {
        "lastModified": 1709480910,
        "narHash": "sha256-seheaz3ABkkjWRohU4G4lHl7MvdzH5FURNsxrXHn6KQ=",
        "owner": "grwlf",
        "repo": "litrepl.vim",
        "rev": "7fa7e8100e4ba97d7ce69e681cad2a06bd8aaaf1",
        "type": "github"
      },
      "original": {
        "owner": "grwlf",
        "repo": "litrepl.vim",
        "type": "github"
      }
    },
    "nixpkgs": {
      "locked": {
        "lastModified": 1696704474,
        "narHash": "sha256-o5GIJR4hoRnqnbodzS/UqXtU+kDDsKKhjU5bN9+hggo=",
        "path": "/home/grwlf/proj/nixcfg/nixpkgs",
        "type": "path"
      },
      "original": {
        "path": "/home/grwlf/proj/nixcfg/nixpkgs",
        "type": "path"
      }
    },
    "root": {
      "inputs": {
        "litrepl": "litrepl",
        "nixpkgs": "nixpkgs"
      }
    }
  },
  "root": "root",
  "version": 7
}
